<?xml version="1.0" encoding="utf-8"?>
<Project ToolsVersion="4.0" xmlns="http://schemas.microsoft.com/developer/msbuild/2003">
  <ItemGroup>
    <Filter Include="Source Files">
      <UniqueIdentifier>{4FC737F1-C7A5-4376-A066-2A32D752A2FF}</UniqueIdentifier>
      <Extensions>cpp;c;cc;cxx;c++;cppm;ixx;def;odl;idl;hpj;bat;asm;asmx</Extensions>
    </Filter>
    <Filter Include="Header Files">
      <UniqueIdentifier>{93995380-89BD-4b04-88EB-625FBE52EBFB}</UniqueIdentifier>
      <Extensions>h;hh;hpp;hxx;h++;hm;inl;inc;ipp;xsd</Extensions>
    </Filter>
    <Filter Include="Resource Files">
      <UniqueIdentifier>{67DA6AB6-F800-4c08-8B7A-83BB121AAD01}</UniqueIdentifier>
      <Extensions>rc;ico;cur;bmp;dlg;rc2;rct;bin;rgs;gif;jpg;jpeg;jpe;resx;tiff;tif;png;wav;mfcribbon-ms</Extensions>
    </Filter>
    <Filter Include="Header Files\Atherent">
      <UniqueIdentifier>{ad447d35-ca07-4cb7-952c-8d2ee2e7fbf0}</UniqueIdentifier>
    </Filter>
  </ItemGroup>
  <ItemGroup>
    <ClCompile Include="AddAdherent.cpp">
      <Filter>Source Files</Filter>
    </ClCompile>
    <ClCompile Include="Program.cpp">
      <Filter>Header Files</Filter>
    </ClCompile>
    <ClCompile Include="Adherent.cpp">
      <Filter>Source Files</Filter>
    </ClCompile>
    <ClCompile Include="ModAdherent.cpp">
      <Filter>Header Files</Filter>
    </ClCompile>
    <ClCompile Include="SuprAdherent.cpp">
      <Filter>Header Files</Filter>
    </ClCompile>
    <ClCompile Include="AfficherAdherent.cpp">
      <Filter>Header Files</Filter>
    </ClCompile>
    <ClCompile Include="AtherentMain.cpp">
      <Filter>Source Files</Filter>
    </ClCompile>
    <ClCompile Include="Entraineur.cpp">
      <Filter>Source Files</Filter>
    </ClCompile>
    <ClCompile Include="Personne.cpp">
      <Filter>Source Files</Filter>
    </ClCompile>
    <ClCompile Include="AddEntraineur.cpp">
      <Filter>Header Files</Filter>
    </ClCompile>
    <ClCompile Include="ModEntraineur.cpp">
      <Filter>Header Files</Filter>
    </ClCompile>
    <ClCompile Include="SuprEntraineur.cpp">
      <Filter>Header Files</Filter>
    </ClCompile>
    <ClCompile Include="AfficherEntraineur.cpp">
      <Filter>Header Files</Filter>
    </ClCompile>
    <ClCompile Include="EntraineurMain.cpp">
      <Filter>Source Files</Filter>
    </ClCompile>
    <ClCompile Include="ClubMenu.cpp">
      <Filter>Source Files</Filter>
    </ClCompile>
    <ClCompile Include="equipement.cpp">
      <Filter>Header Files</Filter>
    </ClCompile>
    <ClCompile Include="AddEquipement.cpp">
      <Filter>Header Files</Filter>
    </ClCompile>
    <ClCompile Include="ModEquipement.cpp">
      <Filter>Header Files</Filter>
    </ClCompile>
    <ClCompile Include="SuppEquipement.cpp">
      <Filter>Header Files</Filter>
    </ClCompile>
    <ClCompile Include="AfficherEquipement.cpp">
      <Filter>Header Files</Filter>
    </ClCompile>
    <ClCompile Include="EquipementMain.cpp">
      <Filter>Header Files</Filter>
    </ClCompile>
    <ClCompile Include="Sport.cpp">
      <Filter>Source Files</Filter>
    </ClCompile>
    <ClCompile Include="Equipe.cpp">
      <Filter>Source Files</Filter>
    </ClCompile>
    <ClCompile Include="seance.cpp">
      <Filter>Source Files</Filter>
    </ClCompile>
    <ClCompile Include="AddSport.cpp">
      <Filter>Header Files</Filter>
    </ClCompile>
    <ClCompile Include="ModSport.cpp">
      <Filter>Source Files</Filter>
    </ClCompile>
    <ClCompile Include="SuprSport.cpp">
      <Filter>Source Files</Filter>
    </ClCompile>
    <ClCompile Include="AfficherSport.cpp">
      <Filter>Source Files</Filter>
    </ClCompile>
    <ClCompile Include="SportMain.cpp">
      <Filter>Source Files</Filter>
    </ClCompile>
    <ClCompile Include="AddEquipe.cpp">
      <Filter>Source Files</Filter>
    </ClCompile>
    <ClCompile Include="ModEquipe.cpp">
      <Filter>Source Files</Filter>
    </ClCompile>
    <ClCompile Include="SuprEquipe.cpp">
      <Filter>Source Files</Filter>
    </ClCompile>
    <ClCompile Include="AfficherEquipe.cpp">
      <Filter>Source Files</Filter>
    </ClCompile>
    <ClCompile Include="EquipeMain.cpp">
      <Filter>Source Files</Filter>
    </ClCompile>
    <ClCompile Include="AddSeance.cpp">
      <Filter>Header Files</Filter>
    </ClCompile>
    <ClCompile Include="ModSeance.cpp">
      <Filter>Source Files</Filter>
    </ClCompile>
    <ClCompile Include="SuprSeance.cpp">
      <Filter>Source Files</Filter>
    </ClCompile>
    <ClCompile Include="AfficherSeance.cpp">
      <Filter>Source Files</Filter>
    </ClCompile>
    <ClCompile Include="SeanceMain.cpp">
      <Filter>Source Files</Filter>
    </ClCompile>
  </ItemGroup>
  <ItemGroup>
    <ClInclude Include="AddAdherent.h">
      <Filter>Header Files</Filter>
    </ClInclude>
    <ClInclude Include="Adherent.h">
      <Filter>Header Files</Filter>
    </ClInclude>
    <ClInclude Include="ModAdherent.h">
      <Filter>Header Files</Filter>
    </ClInclude>
    <ClInclude Include="SuprAdherent.h">
      <Filter>Header Files</Filter>
    </ClInclude>
    <ClInclude Include="AfficherAdherent.h">
      <Filter>Header Files</Filter>
    </ClInclude>
    <ClInclude Include="AtherentMain.h">
      <Filter>Header Files</Filter>
    </ClInclude>
    <ClInclude Include="Entraineur.h">
      <Filter>Header Files</Filter>
    </ClInclude>
    <ClInclude Include="Personne.h">
      <Filter>Header Files</Filter>
    </ClInclude>
    <ClInclude Include="AddEntraineur.h">
      <Filter>Header Files</Filter>
    </ClInclude>
    <ClInclude Include="ModEntraineur.h">
      <Filter>Header Files</Filter>
    </ClInclude>
    <ClInclude Include="SuprEntraineur.h">
      <Filter>Header Files</Filter>
    </ClInclude>
    <ClInclude Include="AfficherEntraineur.h">
      <Filter>Header Files</Filter>
    </ClInclude>
    <ClInclude Include="EntraineurMain.h">
      <Filter>Header Files</Filter>
    </ClInclude>
    <ClInclude Include="ClubMenu.h">
      <Filter>Header Files</Filter>
    </ClInclude>
    <ClInclude Include="AddEquipement.h">
      <Filter>Header Files</Filter>
    </ClInclude>
    <ClInclude Include="ModEquipement.h">
      <Filter>Header Files</Filter>
    </ClInclude>
    <ClInclude Include="SuprEquipement.h">
      <Filter>Header Files</Filter>
    </ClInclude>
    <ClInclude Include="AfficherEquipement.h">
      <Filter>Header Files</Filter>
    </ClInclude>
    <ClInclude Include="EquipementMain.h">
      <Filter>Header Files</Filter>
    </ClInclude>
    <ClInclude Include="Equipement.h">
      <Filter>Header Files</Filter>
    </ClInclude>
    <ClInclude Include="Sport.h">
      <Filter>Header Files</Filter>
    </ClInclude>
    <ClInclude Include="Equipe.h">
      <Filter>Header Files</Filter>
    </ClInclude>
    <ClInclude Include="Seance.h">
      <Filter>Header Files</Filter>
    </ClInclude>
    <ClInclude Include="AddSport.h">
      <Filter>Header Files</Filter>
    </ClInclude>
    <ClInclude Include="ModSport.h">
      <Filter>Header Files</Filter>
    </ClInclude>
    <ClInclude Include="SuprSport.h">
      <Filter>Header Files</Filter>
    </ClInclude>
    <ClInclude Include="AfficherSport.h">
      <Filter>Header Files</Filter>
    </ClInclude>
    <ClInclude Include="SportMain.h">
      <Filter>Header Files</Filter>
    </ClInclude>
    <ClInclude Include="AddEquipe.h">
      <Filter>Header Files</Filter>
    </ClInclude>
    <ClInclude Include="ModEquipe.h">
      <Filter>Header Files</Filter>
    </ClInclude>
    <ClInclude Include="SuprEquipe.h">
      <Filter>Header Files</Filter>
    </ClInclude>
    <ClInclude Include="AfficherEquipe.h">
      <Filter>Header Files</Filter>
    </ClInclude>
    <ClInclude Include="EquipeMain.h">
      <Filter>Header Files</Filter>
    </ClInclude>
    <ClInclude Include="AddSeance.h">
      <Filter>Header Files</Filter>
    </ClInclude>
    <ClInclude Include="ModSeance.h">
      <Filter>Header Files</Filter>
    </ClInclude>
    <ClInclude Include="SuprSeance.h">
      <Filter>Header Files</Filter>
    </ClInclude>
    <ClInclude Include="AfficherSeance.h">
      <Filter>Header Files</Filter>
    </ClInclude>
    <ClInclude Include="SeanceMain.h">
      <Filter>Header Files</Filter>
    </ClInclude>
  </ItemGroup>
</Project>